
Microsoft Visual Studio Solution File, Format Version 12.00
# Visual Studio Version 16
VisualStudioVersion = 16.0.30611.23
MinimumVisualStudioVersion = 10.0.40219.1
Project("{FAE04EC0-301F-11D3-BF4B-00C04F79EFBC}") = "Less001_Task6", "Less001_Task6\Less001_Task6.csproj", "{B0E45FB3-934C-48FD-827F-9E01C09942F0}"
EndProject
Global
	GlobalSection(SolutionConfigurationPlatforms) = preSolution
		Debug|Any CPU = Debug|Any CPU
		Release|Any CPU = Release|Any CPU
	EndGlobalSection
	GlobalSection(ProjectConfigurationPlatforms) = postSolution
		{B0E45FB3-934C-48FD-827F-9E01C09942F0}.Debug|Any CPU.ActiveCfg = Debug|Any CPU
		{B0E45FB3-934C-48FD-827F-9E01C09942F0}.Debug|Any CPU.Build.0 = Debug|Any CPU
		{B0E45FB3-934C-48FD-827F-9E01C09942F0}.Release|Any CPU.ActiveCfg = Release|Any CPU
		{B0E45FB3-934C-48FD-827F-9E01C09942F0}.Release|Any CPU.Build.0 = Release|Any CPU
	EndGlobalSection
	GlobalSection(SolutionProperties) = preSolution
		HideSolutionNode = FALSE
	EndGlobalSection
	GlobalSection(ExtensibilityGlobals) = postSolution
		SolutionGuid = {75C12E06-8C2F-454A-9839-4F3C473097A2}
	EndGlobalSection
EndGlobal
